
Microsoft Visual Studio Solution File, Format Version 12.00
# Visual Studio Version 17
VisualStudioVersion = 17.3.32825.248
MinimumVisualStudioVersion = 10.0.40219.1
Project("{9A19103F-16F7-4668-BE54-9A1E7A4F7556}") = "SportsComplex.Repository", "src\SportsComplex.Repository\SportsComplex.Repository.csproj", "{022C8E67-F343-48F4-A00A-B4CF726195BC}"
EndProject
Project("{9A19103F-16F7-4668-BE54-9A1E7A4F7556}") = "SportsComplex.Logic", "src\SportsComplex.Logic\SportsComplex.Logic.csproj", "{8499F2D4-8BF7-48C0-9137-FBC9C7499DC6}"
EndProject
Project("{9A19103F-16F7-4668-BE54-9A1E7A4F7556}") = "SportsComplex.API", "src\SportsComplex.API\SportsComplex.API.csproj", "{6C275A11-1812-463C-AEE7-ACE59EF9934D}"
EndProject
Global
	GlobalSection(SolutionConfigurationPlatforms) = preSolution
		Debug|Any CPU = Debug|Any CPU
		Release|Any CPU = Release|Any CPU
	EndGlobalSection
	GlobalSection(ProjectConfigurationPlatforms) = postSolution
		{022C8E67-F343-48F4-A00A-B4CF726195BC}.Debug|Any CPU.ActiveCfg = Debug|Any CPU
		{022C8E67-F343-48F4-A00A-B4CF726195BC}.Debug|Any CPU.Build.0 = Debug|Any CPU
		{022C8E67-F343-48F4-A00A-B4CF726195BC}.Release|Any CPU.ActiveCfg = Release|Any CPU
		{022C8E67-F343-48F4-A00A-B4CF726195BC}.Release|Any CPU.Build.0 = Release|Any CPU
		{8499F2D4-8BF7-48C0-9137-FBC9C7499DC6}.Debug|Any CPU.ActiveCfg = Debug|Any CPU
		{8499F2D4-8BF7-48C0-9137-FBC9C7499DC6}.Debug|Any CPU.Build.0 = Debug|Any CPU
		{8499F2D4-8BF7-48C0-9137-FBC9C7499DC6}.Release|Any CPU.ActiveCfg = Release|Any CPU
		{8499F2D4-8BF7-48C0-9137-FBC9C7499DC6}.Release|Any CPU.Build.0 = Release|Any CPU
		{6C275A11-1812-463C-AEE7-ACE59EF9934D}.Debug|Any CPU.ActiveCfg = Debug|Any CPU
		{6C275A11-1812-463C-AEE7-ACE59EF9934D}.Debug|Any CPU.Build.0 = Debug|Any CPU
		{6C275A11-1812-463C-AEE7-ACE59EF9934D}.Release|Any CPU.ActiveCfg = Release|Any CPU
		{6C275A11-1812-463C-AEE7-ACE59EF9934D}.Release|Any CPU.Build.0 = Release|Any CPU
	EndGlobalSection
	GlobalSection(SolutionProperties) = preSolution
		HideSolutionNode = FALSE
	EndGlobalSection
	GlobalSection(ExtensibilityGlobals) = postSolution
		SolutionGuid = {011E7CE8-2239-4F78-9D3D-30CDC179229C}
	EndGlobalSection
EndGlobal
